
Microsoft Visual Studio Solution File, Format Version 12.00
# Visual Studio Version 17
VisualStudioVersion = 17.0.31903.59
MinimumVisualStudioVersion = 10.0.40219.1
Project("{2150E333-8FDC-42A3-9474-1A3956D46DE8}") = "src", "src", "{827E0CD3-B72D-47B6-A68D-7590B98EB39B}"
EndProject
Project("{FAE04EC0-301F-11D3-BF4B-00C04F79EFBC}") = "fsm-strings-parse", "src\fsm-strings-parse\fsm-strings-parse.csproj", "{479BCC8E-60AD-4530-95C0-92DC8AEF08AC}"
EndProject
Project("{2150E333-8FDC-42A3-9474-1A3956D46DE8}") = "tests", "tests", "{0AB3BF05-4346-4AA6-1389-037BE0695223}"
EndProject
Project("{FAE04EC0-301F-11D3-BF4B-00C04F79EFBC}") = "fsm-strings-parse.UnitTests", "tests\fsm-strings-parse.UnitTests\fsm-strings-parse.UnitTests.csproj", "{6CE79D9B-A44B-43F1-9888-2D9E937C8A2F}"
EndProject
Project("{FAE04EC0-301F-11D3-BF4B-00C04F79EFBC}") = "fsm-minimalistic", "src\fsm-minimalistic\fsm-minimalistic.csproj", "{FDB026B5-D05B-4E7C-9777-6346BB51CCA4}"
EndProject
Project("{FAE04EC0-301F-11D3-BF4B-00C04F79EFBC}") = "fsm-minimalistic.UnitTests", "tests\fsm-minimalistic.UnitTests\fsm-minimalistic.UnitTests.csproj", "{371A1198-6A3E-4732-85EC-27E07CD78C01}"
EndProject
Project("{FAE04EC0-301F-11D3-BF4B-00C04F79EFBC}") = "fsm-kernel", "src\fsm-kernel\fsm-kernel.csproj", "{BFD670F5-192C-4D41-BD6B-44F8A83E9F3C}"
EndProject
Project("{FAE04EC0-301F-11D3-BF4B-00C04F79EFBC}") = "fsm-quoted-strings", "src\fsm-quoted-strings\fsm-quoted-strings.csproj", "{EDF495DB-D770-488B-B8D0-661B7F1E9F77}"
EndProject
Project("{FAE04EC0-301F-11D3-BF4B-00C04F79EFBC}") = "fsm-quoted-strings-demo", "src\fsm-quoted-strings-demo\fsm-quoted-strings-demo.csproj", "{B5D36E66-6D7E-421F-A9D1-1911DA8FF56D}"
EndProject
Project("{FAE04EC0-301F-11D3-BF4B-00C04F79EFBC}") = "fsm-kernel.UnitTests", "tests\fsm-kernel.UnitTests\fsm-kernel.UnitTests.csproj", "{99A8ED30-C3B8-49D3-8F2A-757E1306235A}"
EndProject
Project("{FAE04EC0-301F-11D3-BF4B-00C04F79EFBC}") = "fsm-quoted-strings.UnitTests", "tests\fsm-quoted-strings.UnitTests\fsm-quoted-strings.UnitTests.csproj", "{D718A30F-43E9-4E5D-8C61-2479B4EE3B2A}"
EndProject
Global
	GlobalSection(SolutionConfigurationPlatforms) = preSolution
		Debug|Any CPU = Debug|Any CPU
		Debug|x64 = Debug|x64
		Debug|x86 = Debug|x86
		Release|Any CPU = Release|Any CPU
		Release|x64 = Release|x64
		Release|x86 = Release|x86
	EndGlobalSection
	GlobalSection(ProjectConfigurationPlatforms) = postSolution
		{479BCC8E-60AD-4530-95C0-92DC8AEF08AC}.Debug|Any CPU.ActiveCfg = Debug|Any CPU
		{479BCC8E-60AD-4530-95C0-92DC8AEF08AC}.Debug|Any CPU.Build.0 = Debug|Any CPU
		{479BCC8E-60AD-4530-95C0-92DC8AEF08AC}.Debug|x64.ActiveCfg = Debug|Any CPU
		{479BCC8E-60AD-4530-95C0-92DC8AEF08AC}.Debug|x64.Build.0 = Debug|Any CPU
		{479BCC8E-60AD-4530-95C0-92DC8AEF08AC}.Debug|x86.ActiveCfg = Debug|Any CPU
		{479BCC8E-60AD-4530-95C0-92DC8AEF08AC}.Debug|x86.Build.0 = Debug|Any CPU
		{479BCC8E-60AD-4530-95C0-92DC8AEF08AC}.Release|Any CPU.ActiveCfg = Release|Any CPU
		{479BCC8E-60AD-4530-95C0-92DC8AEF08AC}.Release|Any CPU.Build.0 = Release|Any CPU
		{479BCC8E-60AD-4530-95C0-92DC8AEF08AC}.Release|x64.ActiveCfg = Release|Any CPU
		{479BCC8E-60AD-4530-95C0-92DC8AEF08AC}.Release|x64.Build.0 = Release|Any CPU
		{479BCC8E-60AD-4530-95C0-92DC8AEF08AC}.Release|x86.ActiveCfg = Release|Any CPU
		{479BCC8E-60AD-4530-95C0-92DC8AEF08AC}.Release|x86.Build.0 = Release|Any CPU
		{6CE79D9B-A44B-43F1-9888-2D9E937C8A2F}.Debug|Any CPU.ActiveCfg = Debug|Any CPU
		{6CE79D9B-A44B-43F1-9888-2D9E937C8A2F}.Debug|Any CPU.Build.0 = Debug|Any CPU
		{6CE79D9B-A44B-43F1-9888-2D9E937C8A2F}.Debug|x64.ActiveCfg = Debug|Any CPU
		{6CE79D9B-A44B-43F1-9888-2D9E937C8A2F}.Debug|x64.Build.0 = Debug|Any CPU
		{6CE79D9B-A44B-43F1-9888-2D9E937C8A2F}.Debug|x86.ActiveCfg = Debug|Any CPU
		{6CE79D9B-A44B-43F1-9888-2D9E937C8A2F}.Debug|x86.Build.0 = Debug|Any CPU
		{6CE79D9B-A44B-43F1-9888-2D9E937C8A2F}.Release|Any CPU.ActiveCfg = Release|Any CPU
		{6CE79D9B-A44B-43F1-9888-2D9E937C8A2F}.Release|Any CPU.Build.0 = Release|Any CPU
		{6CE79D9B-A44B-43F1-9888-2D9E937C8A2F}.Release|x64.ActiveCfg = Release|Any CPU
		{6CE79D9B-A44B-43F1-9888-2D9E937C8A2F}.Release|x64.Build.0 = Release|Any CPU
		{6CE79D9B-A44B-43F1-9888-2D9E937C8A2F}.Release|x86.ActiveCfg = Release|Any CPU
		{6CE79D9B-A44B-43F1-9888-2D9E937C8A2F}.Release|x86.Build.0 = Release|Any CPU
		{FDB026B5-D05B-4E7C-9777-6346BB51CCA4}.Debug|Any CPU.ActiveCfg = Debug|Any CPU
		{FDB026B5-D05B-4E7C-9777-6346BB51CCA4}.Debug|Any CPU.Build.0 = Debug|Any CPU
		{FDB026B5-D05B-4E7C-9777-6346BB51CCA4}.Debug|x64.ActiveCfg = Debug|Any CPU
		{FDB026B5-D05B-4E7C-9777-6346BB51CCA4}.Debug|x64.Build.0 = Debug|Any CPU
		{FDB026B5-D05B-4E7C-9777-6346BB51CCA4}.Debug|x86.ActiveCfg = Debug|Any CPU
		{FDB026B5-D05B-4E7C-9777-6346BB51CCA4}.Debug|x86.Build.0 = Debug|Any CPU
		{FDB026B5-D05B-4E7C-9777-6346BB51CCA4}.Release|Any CPU.ActiveCfg = Release|Any CPU
		{FDB026B5-D05B-4E7C-9777-6346BB51CCA4}.Release|Any CPU.Build.0 = Release|Any CPU
		{FDB026B5-D05B-4E7C-9777-6346BB51CCA4}.Release|x64.ActiveCfg = Release|Any CPU
		{FDB026B5-D05B-4E7C-9777-6346BB51CCA4}.Release|x64.Build.0 = Release|Any CPU
		{FDB026B5-D05B-4E7C-9777-6346BB51CCA4}.Release|x86.ActiveCfg = Release|Any CPU
		{FDB026B5-D05B-4E7C-9777-6346BB51CCA4}.Release|x86.Build.0 = Release|Any CPU
		{371A1198-6A3E-4732-85EC-27E07CD78C01}.Debug|Any CPU.ActiveCfg = Debug|Any CPU
		{371A1198-6A3E-4732-85EC-27E07CD78C01}.Debug|Any CPU.Build.0 = Debug|Any CPU
		{371A1198-6A3E-4732-85EC-27E07CD78C01}.Debug|x64.ActiveCfg = Debug|Any CPU
		{371A1198-6A3E-4732-85EC-27E07CD78C01}.Debug|x64.Build.0 = Debug|Any CPU
		{371A1198-6A3E-4732-85EC-27E07CD78C01}.Debug|x86.ActiveCfg = Debug|Any CPU
		{371A1198-6A3E-4732-85EC-27E07CD78C01}.Debug|x86.Build.0 = Debug|Any CPU
		{371A1198-6A3E-4732-85EC-27E07CD78C01}.Release|Any CPU.ActiveCfg = Release|Any CPU
		{371A1198-6A3E-4732-85EC-27E07CD78C01}.Release|Any CPU.Build.0 = Release|Any CPU
		{371A1198-6A3E-4732-85EC-27E07CD78C01}.Release|x64.ActiveCfg = Release|Any CPU
		{371A1198-6A3E-4732-85EC-27E07CD78C01}.Release|x64.Build.0 = Release|Any CPU
		{371A1198-6A3E-4732-85EC-27E07CD78C01}.Release|x86.ActiveCfg = Release|Any CPU
		{371A1198-6A3E-4732-85EC-27E07CD78C01}.Release|x86.Build.0 = Release|Any CPU
		{BFD670F5-192C-4D41-BD6B-44F8A83E9F3C}.Debug|Any CPU.ActiveCfg = Debug|Any CPU
		{BFD670F5-192C-4D41-BD6B-44F8A83E9F3C}.Debug|Any CPU.Build.0 = Debug|Any CPU
		{BFD670F5-192C-4D41-BD6B-44F8A83E9F3C}.Debug|x64.ActiveCfg = Debug|Any CPU
		{BFD670F5-192C-4D41-BD6B-44F8A83E9F3C}.Debug|x64.Build.0 = Debug|Any CPU
		{BFD670F5-192C-4D41-BD6B-44F8A83E9F3C}.Debug|x86.ActiveCfg = Debug|Any CPU
		{BFD670F5-192C-4D41-BD6B-44F8A83E9F3C}.Debug|x86.Build.0 = Debug|Any CPU
		{BFD670F5-192C-4D41-BD6B-44F8A83E9F3C}.Release|Any CPU.ActiveCfg = Release|Any CPU
		{BFD670F5-192C-4D41-BD6B-44F8A83E9F3C}.Release|Any CPU.Build.0 = Release|Any CPU
		{BFD670F5-192C-4D41-BD6B-44F8A83E9F3C}.Release|x64.ActiveCfg = Release|Any CPU
		{BFD670F5-192C-4D41-BD6B-44F8A83E9F3C}.Release|x64.Build.0 = Release|Any CPU
		{BFD670F5-192C-4D41-BD6B-44F8A83E9F3C}.Release|x86.ActiveCfg = Release|Any CPU
		{BFD670F5-192C-4D41-BD6B-44F8A83E9F3C}.Release|x86.Build.0 = Release|Any CPU
		{EDF495DB-D770-488B-B8D0-661B7F1E9F77}.Debug|Any CPU.ActiveCfg = Debug|Any CPU
		{EDF495DB-D770-488B-B8D0-661B7F1E9F77}.Debug|Any CPU.Build.0 = Debug|Any CPU
		{EDF495DB-D770-488B-B8D0-661B7F1E9F77}.Debug|x64.ActiveCfg = Debug|Any CPU
		{EDF495DB-D770-488B-B8D0-661B7F1E9F77}.Debug|x64.Build.0 = Debug|Any CPU
		{EDF495DB-D770-488B-B8D0-661B7F1E9F77}.Debug|x86.ActiveCfg = Debug|Any CPU
		{EDF495DB-D770-488B-B8D0-661B7F1E9F77}.Debug|x86.Build.0 = Debug|Any CPU
		{EDF495DB-D770-488B-B8D0-661B7F1E9F77}.Release|Any CPU.ActiveCfg = Release|Any CPU
		{EDF495DB-D770-488B-B8D0-661B7F1E9F77}.Release|Any CPU.Build.0 = Release|Any CPU
		{EDF495DB-D770-488B-B8D0-661B7F1E9F77}.Release|x64.ActiveCfg = Release|Any CPU
		{EDF495DB-D770-488B-B8D0-661B7F1E9F77}.Release|x64.Build.0 = Release|Any CPU
		{EDF495DB-D770-488B-B8D0-661B7F1E9F77}.Release|x86.ActiveCfg = Release|Any CPU
		{EDF495DB-D770-488B-B8D0-661B7F1E9F77}.Release|x86.Build.0 = Release|Any CPU
		{B5D36E66-6D7E-421F-A9D1-1911DA8FF56D}.Debug|Any CPU.ActiveCfg = Debug|Any CPU
		{B5D36E66-6D7E-421F-A9D1-1911DA8FF56D}.Debug|Any CPU.Build.0 = Debug|Any CPU
		{B5D36E66-6D7E-421F-A9D1-1911DA8FF56D}.Debug|x64.ActiveCfg = Debug|Any CPU
		{B5D36E66-6D7E-421F-A9D1-1911DA8FF56D}.Debug|x64.Build.0 = Debug|Any CPU
		{B5D36E66-6D7E-421F-A9D1-1911DA8FF56D}.Debug|x86.ActiveCfg = Debug|Any CPU
		{B5D36E66-6D7E-421F-A9D1-1911DA8FF56D}.Debug|x86.Build.0 = Debug|Any CPU
		{B5D36E66-6D7E-421F-A9D1-1911DA8FF56D}.Release|Any CPU.ActiveCfg = Release|Any CPU
		{B5D36E66-6D7E-421F-A9D1-1911DA8FF56D}.Release|Any CPU.Build.0 = Release|Any CPU
		{B5D36E66-6D7E-421F-A9D1-1911DA8FF56D}.Release|x64.ActiveCfg = Release|Any CPU
		{B5D36E66-6D7E-421F-A9D1-1911DA8FF56D}.Release|x64.Build.0 = Release|Any CPU
		{B5D36E66-6D7E-421F-A9D1-1911DA8FF56D}.Release|x86.ActiveCfg = Release|Any CPU
		{B5D36E66-6D7E-421F-A9D1-1911DA8FF56D}.Release|x86.Build.0 = Release|Any CPU
		{99A8ED30-C3B8-49D3-8F2A-757E1306235A}.Debug|Any CPU.ActiveCfg = Debug|Any CPU
		{99A8ED30-C3B8-49D3-8F2A-757E1306235A}.Debug|Any CPU.Build.0 = Debug|Any CPU
		{99A8ED30-C3B8-49D3-8F2A-757E1306235A}.Debug|x64.ActiveCfg = Debug|Any CPU
		{99A8ED30-C3B8-49D3-8F2A-757E1306235A}.Debug|x64.Build.0 = Debug|Any CPU
		{99A8ED30-C3B8-49D3-8F2A-757E1306235A}.Debug|x86.ActiveCfg = Debug|Any CPU
		{99A8ED30-C3B8-49D3-8F2A-757E1306235A}.Debug|x86.Build.0 = Debug|Any CPU
		{99A8ED30-C3B8-49D3-8F2A-757E1306235A}.Release|Any CPU.ActiveCfg = Release|Any CPU
		{99A8ED30-C3B8-49D3-8F2A-757E1306235A}.Release|Any CPU.Build.0 = Release|Any CPU
		{99A8ED30-C3B8-49D3-8F2A-757E1306235A}.Release|x64.ActiveCfg = Release|Any CPU
		{99A8ED30-C3B8-49D3-8F2A-757E1306235A}.Release|x64.Build.0 = Release|Any CPU
		{99A8ED30-C3B8-49D3-8F2A-757E1306235A}.Release|x86.ActiveCfg = Release|Any CPU
		{99A8ED30-C3B8-49D3-8F2A-757E1306235A}.Release|x86.Build.0 = Release|Any CPU
		{D718A30F-43E9-4E5D-8C61-2479B4EE3B2A}.Debug|Any CPU.ActiveCfg = Debug|Any CPU
		{D718A30F-43E9-4E5D-8C61-2479B4EE3B2A}.Debug|Any CPU.Build.0 = Debug|Any CPU
		{D718A30F-43E9-4E5D-8C61-2479B4EE3B2A}.Debug|x64.ActiveCfg = Debug|Any CPU
		{D718A30F-43E9-4E5D-8C61-2479B4EE3B2A}.Debug|x64.Build.0 = Debug|Any CPU
		{D718A30F-43E9-4E5D-8C61-2479B4EE3B2A}.Debug|x86.ActiveCfg = Debug|Any CPU
		{D718A30F-43E9-4E5D-8C61-2479B4EE3B2A}.Debug|x86.Build.0 = Debug|Any CPU
		{D718A30F-43E9-4E5D-8C61-2479B4EE3B2A}.Release|Any CPU.ActiveCfg = Release|Any CPU
		{D718A30F-43E9-4E5D-8C61-2479B4EE3B2A}.Release|Any CPU.Build.0 = Release|Any CPU
		{D718A30F-43E9-4E5D-8C61-2479B4EE3B2A}.Release|x64.ActiveCfg = Release|Any CPU
		{D718A30F-43E9-4E5D-8C61-2479B4EE3B2A}.Release|x64.Build.0 = Release|Any CPU
		{D718A30F-43E9-4E5D-8C61-2479B4EE3B2A}.Release|x86.ActiveCfg = Release|Any CPU
		{D718A30F-43E9-4E5D-8C61-2479B4EE3B2A}.Release|x86.Build.0 = Release|Any CPU
	EndGlobalSection
	GlobalSection(SolutionProperties) = preSolution
		HideSolutionNode = FALSE
	EndGlobalSection
	GlobalSection(NestedProjects) = preSolution
		{479BCC8E-60AD-4530-95C0-92DC8AEF08AC} = {827E0CD3-B72D-47B6-A68D-7590B98EB39B}
		{6CE79D9B-A44B-43F1-9888-2D9E937C8A2F} = {0AB3BF05-4346-4AA6-1389-037BE0695223}
		{FDB026B5-D05B-4E7C-9777-6346BB51CCA4} = {827E0CD3-B72D-47B6-A68D-7590B98EB39B}
		{371A1198-6A3E-4732-85EC-27E07CD78C01} = {0AB3BF05-4346-4AA6-1389-037BE0695223}
		{BFD670F5-192C-4D41-BD6B-44F8A83E9F3C} = {827E0CD3-B72D-47B6-A68D-7590B98EB39B}
		{EDF495DB-D770-488B-B8D0-661B7F1E9F77} = {827E0CD3-B72D-47B6-A68D-7590B98EB39B}
		{B5D36E66-6D7E-421F-A9D1-1911DA8FF56D} = {827E0CD3-B72D-47B6-A68D-7590B98EB39B}
		{99A8ED30-C3B8-49D3-8F2A-757E1306235A} = {0AB3BF05-4346-4AA6-1389-037BE0695223}
		{D718A30F-43E9-4E5D-8C61-2479B4EE3B2A} = {0AB3BF05-4346-4AA6-1389-037BE0695223}
	EndGlobalSection
EndGlobal
